// !$*UTF8*$!
{
	archiveVersion = 1;
	classes = {
	};
	objectVersion = 50;
	objects = {

/* Begin PBXBuildFile section */
		AF2A4CBE24F58164004C6901 /* AppDelegate.swift in Sources */ = {isa = PBXBuildFile; fileRef = AF2A4CBD24F58164004C6901 /* AppDelegate.swift */; };
		AF2A4CC024F58164004C6901 /* SceneDelegate.swift in Sources */ = {isa = PBXBuildFile; fileRef = AF2A4CBF24F58164004C6901 /* SceneDelegate.swift */; };
		AF2A4CC224F58164004C6901 /* ViewController.swift in Sources */ = {isa = PBXBuildFile; fileRef = AF2A4CC124F58164004C6901 /* ViewController.swift */; };
		AF2A4CC524F58164004C6901 /* Main.storyboard in Resources */ = {isa = PBXBuildFile; fileRef = AF2A4CC324F58164004C6901 /* Main.storyboard */; };
		AF2A4CC724F58165004C6901 /* Assets.xcassets in Resources */ = {isa = PBXBuildFile; fileRef = AF2A4CC624F58165004C6901 /* Assets.xcassets */; };
		AF2A4CCA24F58165004C6901 /* LaunchScreen.storyboard in Resources */ = {isa = PBXBuildFile; fileRef = AF2A4CC824F58165004C6901 /* LaunchScreen.storyboard */; };
/* End PBXBuildFile section */

/* Begin PBXFileReference section */
		AF2A4CBA24F58164004C6901 /* SidelineSwipe_coding_iOS_andywong.app */ = {isa = PBXFileReference; explicitFileType = wrapper.application; includeInIndex = 0; path = SidelineSwipe_coding_iOS_andywong.app; sourceTree = BUILT_PRODUCTS_DIR; };
		AF2A4CBD24F58164004C6901 /* AppDelegate.swift */ = {isa = PBXFileReference; lastKnownFileType = sourcecode.swift; path = AppDelegate.swift; sourceTree = "<group>"; };
		AF2A4CBF24F58164004C6901 /* SceneDelegate.swift */ = {isa = PBXFileReference; lastKnownFileType = sourcecode.swift; path = SceneDelegate.swift; sourceTree = "<group>"; };
		AF2A4CC124F58164004C6901 /* ViewController.swift */ = {isa = PBXFileReference; lastKnownFileType = sourcecode.swift; path = ViewController.swift; sourceTree = "<group>"; };
		AF2A4CC424F58164004C6901 /* Base */ = {isa = PBXFileReference; lastKnownFileType = file.storyboard; name = Base; path = Base.lproj/Main.storyboard; sourceTree = "<group>"; };
		AF2A4CC624F58165004C6901 /* Assets.xcassets */ = {isa = PBXFileReference; lastKnownFileType = folder.assetcatalog; path = Assets.xcassets; sourceTree = "<group>"; };
		AF2A4CC924F58165004C6901 /* Base */ = {isa = PBXFileReference; lastKnownFileType = file.storyboard; name = Base; path = Base.lproj/LaunchScreen.storyboard; sourceTree = "<group>"; };
		AF2A4CCB24F58165004C6901 /* Info.plist */ = {isa = PBXFileReference; lastKnownFileType = text.plist.xml; path = Info.plist; sourceTree = "<group>"; };
/* End PBXFileReference section */

/* Begin PBXFrameworksBuildPhase section */
		AF2A4CB724F58164004C6901 /* Frameworks */ = {
			isa = PBXFrameworksBuildPhase;
			buildActionMask = 2147483647;
			files = (
			);
			runOnlyForDeploymentPostprocessing = 0;
		};
/* End PBXFrameworksBuildPhase section */

/* Begin PBXGroup section */
		AF2A4CB124F58164004C6901 = {
			isa = PBXGroup;
			children = (
				AF2A4CBC24F58164004C6901 /* SidelineSwipe_coding_iOS_andywong */,
				AF2A4CBB24F58164004C6901 /* Products */,
			);
			sourceTree = "<group>";
		};
		AF2A4CBB24F58164004C6901 /* Products */ = {
			isa = PBXGroup;
			children = (
				AF2A4CBA24F58164004C6901 /* SidelineSwipe_coding_iOS_andywong.app */,
			);
			name = Products;
			sourceTree = "<group>";
		};
		AF2A4CBC24F58164004C6901 /* SidelineSwipe_coding_iOS_andywong */ = {
			isa = PBXGroup;
			children = (
				AF2A4CBD24F58164004C6901 /* AppDelegate.swift */,
				AF2A4CBF24F58164004C6901 /* SceneDelegate.swift */,
				AF2A4CC124F58164004C6901 /* ViewController.swift */,
				AF2A4CC324F58164004C6901 /* Main.storyboard */,
				AF2A4CC624F58165004C6901 /* Assets.xcassets */,
				AF2A4CC824F58165004C6901 /* LaunchScreen.storyboard */,
				AF2A4CCB24F58165004C6901 /* Info.plist */,
			);
			path = SidelineSwipe_coding_iOS_andywong;
			sourceTree = "<group>";
		};
/* End PBXGroup section */

/* Begin PBXNativeTarget section */
		AF2A4CB924F58164004C6901 /* SidelineSwipe_coding_iOS_andywong */ = {
			isa = PBXNativeTarget;
			buildConfigurationList = AF2A4CCE24F58165004C6901 /* Build configuration list for PBXNativeTarget "SidelineSwipe_coding_iOS_andywong" */;
			buildPhases = (
				AF2A4CB624F58164004C6901 /* Sources */,
				AF2A4CB724F58164004C6901 /* Frameworks */,
				AF2A4CB824F58164004C6901 /* Resources */,
			);
			buildRules = (
			);
			dependencies = (
			);
			name = SidelineSwipe_coding_iOS_andywong;
			productName = SidelineSwipe_coding_iOS_andywong;
			productReference = AF2A4CBA24F58164004C6901 /* SidelineSwipe_coding_iOS_andywong.app */;
			productType = "com.apple.product-type.application";
		};
/* End PBXNativeTarget section */

/* Begin PBXProject section */
		AF2A4CB224F58164004C6901 /* Project object */ = {
			isa = PBXProject;
			attributes = {
				LastSwiftUpdateCheck = 1160;
				LastUpgradeCheck = 1160;
				ORGANIZATIONNAME = "Andy Wong";
				TargetAttributes = {
					AF2A4CB924F58164004C6901 = {
						CreatedOnToolsVersion = 11.6;
					};
				};
			};
			buildConfigurationList = AF2A4CB524F58164004C6901 /* Build configuration list for PBXProject "SidelineSwipe_coding_iOS_andywong" */;
			compatibilityVersion = "Xcode 9.3";
			developmentRegion = en;
			hasScannedForEncodings = 0;
			knownRegions = (
				en,
				Base,
			);
			mainGroup = AF2A4CB124F58164004C6901;
			productRefGroup = AF2A4CBB24F58164004C6901 /* Products */;
			projectDirPath = "";
			projectRoot = "";
			targets = (
				AF2A4CB924F58164004C6901 /* SidelineSwipe_coding_iOS_andywong */,
			);
		};
/* End PBXProject section */

/* Begin PBXResourcesBuildPhase section */
		AF2A4CB824F58164004C6901 /* Resources */ = {
			isa = PBXResourcesBuildPhase;
			buildActionMask = 2147483647;
			files = (
				AF2A4CCA24F58165004C6901 /* LaunchScreen.storyboard in Resources */,
				AF2A4CC724F58165004C6901 /* Assets.xcassets in Resources */,
				AF2A4CC524F58164004C6901 /* Main.storyboard in Resources */,
			);
			runOnlyForDeploymentPostprocessing = 0;
		};
/* End PBXResourcesBuildPhase section */

/* Begin PBXSourcesBuildPhase section */
		AF2A4CB624F58164004C6901 /* Sources */ = {
			isa = PBXSourcesBuildPhase;
			buildActionMask = 2147483647;
			files = (
				AF2A4CC224F58164004C6901 /* ViewController.swift in Sources */,
				AF2A4CBE24F58164004C6901 /* AppDelegate.swift in Sources */,
				AF2A4CC024F58164004C6901 /* SceneDelegate.swift in Sources */,
			);
			runOnlyForDeploymentPostprocessing = 0;
		};
/* End PBXSourcesBuildPhase section */

/* Begin PBXVariantGroup section */
		AF2A4CC324F58164004C6901 /* Main.storyboard */ = {
			isa = PBXVariantGroup;
			children = (
				AF2A4CC424F58164004C6901 /* Base */,
			);
			name = Main.storyboard;
			sourceTree = "<group>";
		};
		AF2A4CC824F58165004C6901 /* LaunchScreen.storyboard */ = {
			isa = PBXVariantGroup;
			children = (
				AF2A4CC924F58165004C6901 /* Base */,
			);
			name = LaunchScreen.storyboard;
			sourceTree = "<group>";
		};
/* End PBXVariantGroup section */

/* Begin XCBuildConfiguration section */
		AF2A4CCC24F58165004C6901 /* Debug */ = {
			isa = XCBuildConfiguration;
			buildSettings = {
				ALWAYS_SEARCH_USER_PATHS = NO;
				CLANG_ANALYZER_NONNULL = YES;
				CLANG_ANALYZER_NUMBER_OBJECT_CONVERSION = YES_AGGRESSIVE;
				CLANG_CXX_LANGUAGE_STANDARD = "gnu++14";
				CLANG_CXX_LIBRARY = "libc++";
				CLANG_ENABLE_MODULES = YES;
				CLANG_ENABLE_OBJC_ARC = YES;
				CLANG_ENABLE_OBJC_WEAK = YES;
				CLANG_WARN_BLOCK_CAPTURE_AUTORELEASING = YES;
				CLANG_WARN_BOOL_CONVERSION = YES;
				CLANG_WARN_COMMA = YES;
				CLANG_WARN_CONSTANT_CONVERSION = YES;
				CLANG_WARN_DEPRECATED_OBJC_IMPLEMENTATIONS = YES;
				CLANG_WARN_DIRECT_OBJC_ISA_USAGE = YES_ERROR;
				CLANG_WARN_DOCUMENTATION_COMMENTS = YES;
				CLANG_WARN_EMPTY_BODY = YES;
				CLANG_WARN_ENUM_CONVERSION = YES;
				CLANG_WARN_INFINITE_RECURSION = YES;
				CLANG_WARN_INT_CONVERSION = YES;
				CLANG_WARN_NON_LITERAL_NULL_CONVERSION = YES;
				CLANG_WARN_OBJC_IMPLICIT_RETAIN_SELF = YES;
				CLANG_WARN_OBJC_LITERAL_CONVERSION = YES;
				CLANG_WARN_OBJC_ROOT_CLASS = YES_ERROR;
				CLANG_WARN_RANGE_LOOP_ANALYSIS = YES;
				CLANG_WARN_STRICT_PROTOTYPES = YES;
				CLANG_WARN_SUSPICIOUS_MOVE = YES;
				CLANG_WARN_UNGUARDED_AVAILABILITY = YES_AGGRESSIVE;
				CLANG_WARN_UNREACHABLE_CODE = YES;
				CLANG_WARN__DUPLICATE_METHOD_MATCH = YES;
				COPY_PHASE_STRIP = NO;
				DEBUG_INFORMATION_FORMAT = dwarf;
				ENABLE_STRICT_OBJC_MSGSEND = YES;
				ENABLE_TESTABILITY = YES;
				GCC_C_LANGUAGE_STANDARD = gnu11;
				GCC_DYNAMIC_NO_PIC = NO;
				GCC_NO_COMMON_BLOCKS = YES;
				GCC_OPTIMIZATION_LEVEL = 0;
				GCC_PREPROCESSOR_DEFINITIONS = (
					"DEBUG=1",
					"$(inherited)",
				);
				GCC_WARN_64_TO_32_BIT_CONVERSION = YES;
				GCC_WARN_ABOUT_RETURN_TYPE = YES_ERROR;
				GCC_WARN_UNDECLARED_SELECTOR = YES;
				GCC_WARN_UNINITIALIZED_AUTOS = YES_AGGRESSIVE;
				GCC_WARN_UNUSED_FUNCTION = YES;
				GCC_WARN_UNUSED_VARIABLE = YES;
				IPHONEOS_DEPLOYMENT_TARGET = 13.6;
				MTL_ENABLE_DEBUG_INFO = INCLUDE_SOURCE;
				MTL_FAST_MATH = YES;
				ONLY_ACTIVE_ARCH = YES;
				SDKROOT = iphoneos;
				SWIFT_ACTIVE_COMPILATION_CONDITIONS = DEBUG;
				SWIFT_OPTIMIZATION_LEVEL = "-Onone";
			};
			name = Debug;
		};
		AF2A4CCD24F58165004C6901 /* Release */ = {
			isa = XCBuildConfiguration;
			buildSettings = {
				ALWAYS_SEARCH_USER_PATHS = NO;
				CLANG_ANALYZER_NONNULL = YES;
				CLANG_ANALYZER_NUMBER_OBJECT_CONVERSION = YES_AGGRESSIVE;
				CLANG_CXX_LANGUAGE_STANDARD = "gnu++14";
				CLANG_CXX_LIBRARY = "libc++";
				CLANG_ENABLE_MODULES = YES;
				CLANG_ENABLE_OBJC_ARC = YES;
				CLANG_ENABLE_OBJC_WEAK = YES;
				CLANG_WARN_BLOCK_CAPTURE_AUTORELEASING = YES;
				CLANG_WARN_BOOL_CONVERSION = YES;
				CLANG_WARN_COMMA = YES;
				CLANG_WARN_CONSTANT_CONVERSION = YES;
				CLANG_WARN_DEPRECATED_OBJC_IMPLEMENTATIONS = YES;
				CLANG_WARN_DIRECT_OBJC_ISA_USAGE = YES_ERROR;
				CLANG_WARN_DOCUMENTATION_COMMENTS = YES;
				CLANG_WARN_EMPTY_BODY = YES;
				CLANG_WARN_ENUM_CONVERSION = YES;
				CLANG_WARN_INFINITE_RECURSION = YES;
				CLANG_WARN_INT_CONVERSION = YES;
				CLANG_WARN_NON_LITERAL_NULL_CONVERSION = YES;
				CLANG_WARN_OBJC_IMPLICIT_RETAIN_SELF = YES;
				CLANG_WARN_OBJC_LITERAL_CONVERSION = YES;
				CLANG_WARN_OBJC_ROOT_CLASS = YES_ERROR;
				CLANG_WARN_RANGE_LOOP_ANALYSIS = YES;
				CLANG_WARN_STRICT_PROTOTYPES = YES;
				CLANG_WARN_SUSPICIOUS_MOVE = YES;
				CLANG_WARN_UNGUARDED_AVAILABILITY = YES_AGGRESSIVE;
				CLANG_WARN_UNREACHABLE_CODE = YES;
				CLANG_WARN__DUPLICATE_METHOD_MATCH = YES;
				COPY_PHASE_STRIP = NO;
				DEBUG_INFORMATION_FORMAT = "dwarf-with-dsym";
				ENABLE_NS_ASSERTIONS = NO;
				ENABLE_STRICT_OBJC_MSGSEND = YES;
				GCC_C_LANGUAGE_STANDARD = gnu11;
				GCC_NO_COMMON_BLOCKS = YES;
				GCC_WARN_64_TO_32_BIT_CONVERSION = YES;
				GCC_WARN_ABOUT_RETURN_TYPE = YES_ERROR;
				GCC_WARN_UNDECLARED_SELECTOR = YES;
				GCC_WARN_UNINITIALIZED_AUTOS = YES_AGGRESSIVE;
				GCC_WARN_UNUSED_FUNCTION = YES;
				GCC_WARN_UNUSED_VARIABLE = YES;
				IPHONEOS_DEPLOYMENT_TARGET = 13.6;
				MTL_ENABLE_DEBUG_INFO = NO;
				MTL_FAST_MATH = YES;
				SDKROOT = iphoneos;
				SWIFT_COMPILATION_MODE = wholemodule;
				SWIFT_OPTIMIZATION_LEVEL = "-O";
				VALIDATE_PRODUCT = YES;
			};
			name = Release;
		};
		AF2A4CCF24F58165004C6901 /* Debug */ = {
			isa = XCBuildConfiguration;
			buildSettings = {
				ASSETCATALOG_COMPILER_APPICON_NAME = AppIcon;
				CODE_SIGN_STYLE = Automatic;
				INFOPLIST_FILE = SidelineSwipe_coding_iOS_andywong/Info.plist;
				LD_RUNPATH_SEARCH_PATHS = (
					"$(inherited)",
					"@executable_path/Frameworks",
				);
				PRODUCT_BUNDLE_IDENTIFIER = "com.andywong.SidelineSwipe-coding-iOS-andywong";
				PRODUCT_NAME = "$(TARGET_NAME)";
				SWIFT_VERSION = 5.0;
				TARGETED_DEVICE_FAMILY = "1,2";
			};
			name = Debug;
		};
		AF2A4CD024F58165004C6901 /* Release */ = {
			isa = XCBuildConfiguration;
			buildSettings = {
				ASSETCATALOG_COMPILER_APPICON_NAME = AppIcon;
				CODE_SIGN_STYLE = Automatic;
				INFOPLIST_FILE = SidelineSwipe_coding_iOS_andywong/Info.plist;
				LD_RUNPATH_SEARCH_PATHS = (
					"$(inherited)",
					"@executable_path/Frameworks",
				);
				PRODUCT_BUNDLE_IDENTIFIER = "com.andywong.SidelineSwipe-coding-iOS-andywong";
				PRODUCT_NAME = "$(TARGET_NAME)";
				SWIFT_VERSION = 5.0;
				TARGETED_DEVICE_FAMILY = "1,2";
			};
			name = Release;
		};
/* End XCBuildConfiguration section */

/* Begin XCConfigurationList section */
		AF2A4CB524F58164004C6901 /* Build configuration list for PBXProject "SidelineSwipe_coding_iOS_andywong" */ = {
			isa = XCConfigurationList;
			buildConfigurations = (
				AF2A4CCC24F58165004C6901 /* Debug */,
				AF2A4CCD24F58165004C6901 /* Release */,
			);
			defaultConfigurationIsVisible = 0;
			defaultConfigurationName = Release;
		};
		AF2A4CCE24F58165004C6901 /* Build configuration list for PBXNativeTarget "SidelineSwipe_coding_iOS_andywong" */ = {
			isa = XCConfigurationList;
			buildConfigurations = (
				AF2A4CCF24F58165004C6901 /* Debug */,
				AF2A4CD024F58165004C6901 /* Release */,
			);
			defaultConfigurationIsVisible = 0;
			defaultConfigurationName = Release;
		};
/* End XCConfigurationList section */
	};
	rootObject = AF2A4CB224F58164004C6901 /* Project object */;
}
